// !$*UTF8*$!
{
	archiveVersion = 1;
	classes = {
	};
	objectVersion = 46;
	objects = {

/* Begin PBXBuildFile section */
		63210B761F2F96AA006731EB /* AppDelegate.swift in Sources */ = {isa = PBXBuildFile; fileRef = 63210B751F2F96AA006731EB /* AppDelegate.swift */; };
		63210B7B1F2F96AA006731EB /* Main.storyboard in Resources */ = {isa = PBXBuildFile; fileRef = 63210B791F2F96AA006731EB /* Main.storyboard */; };
		63210B7D1F2F96AA006731EB /* Assets.xcassets in Resources */ = {isa = PBXBuildFile; fileRef = 63210B7C1F2F96AA006731EB /* Assets.xcassets */; };
		63210B801F2F96AA006731EB /* LaunchScreen.storyboard in Resources */ = {isa = PBXBuildFile; fileRef = 63210B7E1F2F96AA006731EB /* LaunchScreen.storyboard */; };
		63210B8F1F2F9ED4006731EB /* Card.swift in Sources */ = {isa = PBXBuildFile; fileRef = 63210B8E1F2F9ED4006731EB /* Card.swift */; };
		63210B911F2FA3FD006731EB /* CardController.swift in Sources */ = {isa = PBXBuildFile; fileRef = 63210B901F2FA3FD006731EB /* CardController.swift */; };
/* End PBXBuildFile section */

/* Begin PBXFileReference section */
		63210B721F2F96AA006731EB /* DeckOfCards.app */ = {isa = PBXFileReference; explicitFileType = wrapper.application; includeInIndex = 0; path = DeckOfCards.app; sourceTree = BUILT_PRODUCTS_DIR; };
		63210B751F2F96AA006731EB /* AppDelegate.swift */ = {isa = PBXFileReference; lastKnownFileType = sourcecode.swift; path = AppDelegate.swift; sourceTree = "<group>"; };
		63210B7A1F2F96AA006731EB /* Base */ = {isa = PBXFileReference; lastKnownFileType = file.storyboard; name = Base; path = Base.lproj/Main.storyboard; sourceTree = "<group>"; };
		63210B7C1F2F96AA006731EB /* Assets.xcassets */ = {isa = PBXFileReference; lastKnownFileType = folder.assetcatalog; path = Assets.xcassets; sourceTree = "<group>"; };
		63210B7F1F2F96AA006731EB /* Base */ = {isa = PBXFileReference; lastKnownFileType = file.storyboard; name = Base; path = Base.lproj/LaunchScreen.storyboard; sourceTree = "<group>"; };
		63210B811F2F96AA006731EB /* Info.plist */ = {isa = PBXFileReference; lastKnownFileType = text.plist.xml; path = Info.plist; sourceTree = "<group>"; };
		63210B8E1F2F9ED4006731EB /* Card.swift */ = {isa = PBXFileReference; fileEncoding = 4; lastKnownFileType = sourcecode.swift; path = Card.swift; sourceTree = "<group>"; };
		63210B901F2FA3FD006731EB /* CardController.swift */ = {isa = PBXFileReference; fileEncoding = 4; lastKnownFileType = sourcecode.swift; path = CardController.swift; sourceTree = "<group>"; };
/* End PBXFileReference section */

/* Begin PBXFrameworksBuildPhase section */
		63210B6F1F2F96AA006731EB /* Frameworks */ = {
			isa = PBXFrameworksBuildPhase;
			buildActionMask = 2147483647;
			files = (
			);
			runOnlyForDeploymentPostprocessing = 0;
		};
/* End PBXFrameworksBuildPhase section */

/* Begin PBXGroup section */
		63210B691F2F96AA006731EB = {
			isa = PBXGroup;
			children = (
				63210B741F2F96AA006731EB /* DeckOfCards */,
				63210B731F2F96AA006731EB /* Products */,
			);
			sourceTree = "<group>";
		};
		63210B731F2F96AA006731EB /* Products */ = {
			isa = PBXGroup;
			children = (
				63210B721F2F96AA006731EB /* DeckOfCards.app */,
			);
			name = Products;
			sourceTree = "<group>";
		};
		63210B741F2F96AA006731EB /* DeckOfCards */ = {
			isa = PBXGroup;
			children = (
				63210B8D1F2F9EC9006731EB /* Model */,
				63210B8C1F2F9EC3006731EB /* ModelController */,
				63210B8B1F2F9EB7006731EB /* ViewController */,
				63210B881F2F9790006731EB /* Storyboard */,
				63210B871F2F978A006731EB /* Resources */,
			);
			path = DeckOfCards;
			sourceTree = "<group>";
		};
		63210B871F2F978A006731EB /* Resources */ = {
			isa = PBXGroup;
			children = (
				63210B751F2F96AA006731EB /* AppDelegate.swift */,
				63210B7C1F2F96AA006731EB /* Assets.xcassets */,
				63210B811F2F96AA006731EB /* Info.plist */,
			);
			name = Resources;
			sourceTree = "<group>";
		};
		63210B881F2F9790006731EB /* Storyboard */ = {
			isa = PBXGroup;
			children = (
				63210B791F2F96AA006731EB /* Main.storyboard */,
				63210B7E1F2F96AA006731EB /* LaunchScreen.storyboard */,
			);
			name = Storyboard;
			sourceTree = "<group>";
		};
		63210B8B1F2F9EB7006731EB /* ViewController */ = {
			isa = PBXGroup;
			children = (
			);
			name = ViewController;
			sourceTree = "<group>";
		};
		63210B8C1F2F9EC3006731EB /* ModelController */ = {
			isa = PBXGroup;
			children = (
				63210B901F2FA3FD006731EB /* CardController.swift */,
			);
			name = ModelController;
			sourceTree = "<group>";
		};
		63210B8D1F2F9EC9006731EB /* Model */ = {
			isa = PBXGroup;
			children = (
				63210B8E1F2F9ED4006731EB /* Card.swift */,
			);
			name = Model;
			sourceTree = "<group>";
		};
/* End PBXGroup section */

/* Begin PBXNativeTarget section */
		63210B711F2F96AA006731EB /* DeckOfCards */ = {
			isa = PBXNativeTarget;
			buildConfigurationList = 63210B841F2F96AA006731EB /* Build configuration list for PBXNativeTarget "DeckOfCards" */;
			buildPhases = (
				63210B6E1F2F96AA006731EB /* Sources */,
				63210B6F1F2F96AA006731EB /* Frameworks */,
				63210B701F2F96AA006731EB /* Resources */,
			);
			buildRules = (
			);
			dependencies = (
			);
			name = DeckOfCards;
			productName = DeckOfCards;
			productReference = 63210B721F2F96AA006731EB /* DeckOfCards.app */;
			productType = "com.apple.product-type.application";
		};
/* End PBXNativeTarget section */

/* Begin PBXProject section */
		63210B6A1F2F96AA006731EB /* Project object */ = {
			isa = PBXProject;
			attributes = {
				LastSwiftUpdateCheck = 0830;
				LastUpgradeCheck = 0830;
				ORGANIZATIONNAME = "Caleb Strong";
				TargetAttributes = {
					63210B711F2F96AA006731EB = {
						CreatedOnToolsVersion = 8.3.3;
						ProvisioningStyle = Automatic;
					};
				};
			};
			buildConfigurationList = 63210B6D1F2F96AA006731EB /* Build configuration list for PBXProject "DeckOfCards" */;
			compatibilityVersion = "Xcode 3.2";
			developmentRegion = English;
			hasScannedForEncodings = 0;
			knownRegions = (
				en,
				Base,
			);
			mainGroup = 63210B691F2F96AA006731EB;
			productRefGroup = 63210B731F2F96AA006731EB /* Products */;
			projectDirPath = "";
			projectRoot = "";
			targets = (
				63210B711F2F96AA006731EB /* DeckOfCards */,
			);
		};
/* End PBXProject section */

/* Begin PBXResourcesBuildPhase section */
		63210B701F2F96AA006731EB /* Resources */ = {
			isa = PBXResourcesBuildPhase;
			buildActionMask = 2147483647;
			files = (
				63210B801F2F96AA006731EB /* LaunchScreen.storyboard in Resources */,
				63210B7D1F2F96AA006731EB /* Assets.xcassets in Resources */,
				63210B7B1F2F96AA006731EB /* Main.storyboard in Resources */,
			);
			runOnlyForDeploymentPostprocessing = 0;
		};
/* End PBXResourcesBuildPhase section */

/* Begin PBXSourcesBuildPhase section */
		63210B6E1F2F96AA006731EB /* Sources */ = {
			isa = PBXSourcesBuildPhase;
			buildActionMask = 2147483647;
			files = (
				63210B761F2F96AA006731EB /* AppDelegate.swift in Sources */,
				63210B911F2FA3FD006731EB /* CardController.swift in Sources */,
				63210B8F1F2F9ED4006731EB /* Card.swift in Sources */,
			);
			runOnlyForDeploymentPostprocessing = 0;
		};
/* End PBXSourcesBuildPhase section */

/* Begin PBXVariantGroup section */
		63210B791F2F96AA006731EB /* Main.storyboard */ = {
			isa = PBXVariantGroup;
			children = (
				63210B7A1F2F96AA006731EB /* Base */,
			);
			name = Main.storyboard;
			sourceTree = "<group>";
		};
		63210B7E1F2F96AA006731EB /* LaunchScreen.storyboard */ = {
			isa = PBXVariantGroup;
			children = (
				63210B7F1F2F96AA006731EB /* Base */,
			);
			name = LaunchScreen.storyboard;
			sourceTree = "<group>";
		};
/* End PBXVariantGroup section */

/* Begin XCBuildConfiguration section */
		63210B821F2F96AA006731EB /* Debug */ = {
			isa = XCBuildConfiguration;
			buildSettings = {
				ALWAYS_SEARCH_USER_PATHS = NO;
				CLANG_ANALYZER_NONNULL = YES;
				CLANG_ANALYZER_NUMBER_OBJECT_CONVERSION = YES_AGGRESSIVE;
				CLANG_CXX_LANGUAGE_STANDARD = "gnu++0x";
				CLANG_CXX_LIBRARY = "libc++";
				CLANG_ENABLE_MODULES = YES;
				CLANG_ENABLE_OBJC_ARC = YES;
				CLANG_WARN_BOOL_CONVERSION = YES;
				CLANG_WARN_CONSTANT_CONVERSION = YES;
				CLANG_WARN_DIRECT_OBJC_ISA_USAGE = YES_ERROR;
				CLANG_WARN_DOCUMENTATION_COMMENTS = YES;
				CLANG_WARN_EMPTY_BODY = YES;
				CLANG_WARN_ENUM_CONVERSION = YES;
				CLANG_WARN_INFINITE_RECURSION = YES;
				CLANG_WARN_INT_CONVERSION = YES;
				CLANG_WARN_OBJC_ROOT_CLASS = YES_ERROR;
				CLANG_WARN_SUSPICIOUS_MOVE = YES;
				CLANG_WARN_UNREACHABLE_CODE = YES;
				CLANG_WARN__DUPLICATE_METHOD_MATCH = YES;
				"CODE_SIGN_IDENTITY[sdk=iphoneos*]" = "iPhone Developer";
				COPY_PHASE_STRIP = NO;
				DEBUG_INFORMATION_FORMAT = dwarf;
				ENABLE_STRICT_OBJC_MSGSEND = YES;
				ENABLE_TESTABILITY = YES;
				GCC_C_LANGUAGE_STANDARD = gnu99;
				GCC_DYNAMIC_NO_PIC = NO;
				GCC_NO_COMMON_BLOCKS = YES;
				GCC_OPTIMIZATION_LEVEL = 0;
				GCC_PREPROCESSOR_DEFINITIONS = (
					"DEBUG=1",
					"$(inherited)",
				);
				GCC_WARN_64_TO_32_BIT_CONVERSION = YES;
				GCC_WARN_ABOUT_RETURN_TYPE = YES_ERROR;
				GCC_WARN_UNDECLARED_SELECTOR = YES;
				GCC_WARN_UNINITIALIZED_AUTOS = YES_AGGRESSIVE;
				GCC_WARN_UNUSED_FUNCTION = YES;
				GCC_WARN_UNUSED_VARIABLE = YES;
				IPHONEOS_DEPLOYMENT_TARGET = 10.3;
				MTL_ENABLE_DEBUG_INFO = YES;
				ONLY_ACTIVE_ARCH = YES;
				SDKROOT = iphoneos;
				SWIFT_ACTIVE_COMPILATION_CONDITIONS = DEBUG;
				SWIFT_OPTIMIZATION_LEVEL = "-Onone";
				TARGETED_DEVICE_FAMILY = "1,2";
			};
			name = Debug;
		};
		63210B831F2F96AA006731EB /* Release */ = {
			isa = XCBuildConfiguration;
			buildSettings = {
				ALWAYS_SEARCH_USER_PATHS = NO;
				CLANG_ANALYZER_NONNULL = YES;
				CLANG_ANALYZER_NUMBER_OBJECT_CONVERSION = YES_AGGRESSIVE;
				CLANG_CXX_LANGUAGE_STANDARD = "gnu++0x";
				CLANG_CXX_LIBRARY = "libc++";
				CLANG_ENABLE_MODULES = YES;
				CLANG_ENABLE_OBJC_ARC = YES;
				CLANG_WARN_BOOL_CONVERSION = YES;
				CLANG_WARN_CONSTANT_CONVERSION = YES;
				CLANG_WARN_DIRECT_OBJC_ISA_USAGE = YES_ERROR;
				CLANG_WARN_DOCUMENTATION_COMMENTS = YES;
				CLANG_WARN_EMPTY_BODY = YES;
				CLANG_WARN_ENUM_CONVERSION = YES;
				CLANG_WARN_INFINITE_RECURSION = YES;
				CLANG_WARN_INT_CONVERSION = YES;
				CLANG_WARN_OBJC_ROOT_CLASS = YES_ERROR;
				CLANG_WARN_SUSPICIOUS_MOVE = YES;
				CLANG_WARN_UNREACHABLE_CODE = YES;
				CLANG_WARN__DUPLICATE_METHOD_MATCH = YES;
				"CODE_SIGN_IDENTITY[sdk=iphoneos*]" = "iPhone Developer";
				COPY_PHASE_STRIP = NO;
				DEBUG_INFORMATION_FORMAT = "dwarf-with-dsym";
				ENABLE_NS_ASSERTIONS = NO;
				ENABLE_STRICT_OBJC_MSGSEND = YES;
				GCC_C_LANGUAGE_STANDARD = gnu99;
				GCC_NO_COMMON_BLOCKS = YES;
				GCC_WARN_64_TO_32_BIT_CONVERSION = YES;
				GCC_WARN_ABOUT_RETURN_TYPE = YES_ERROR;
				GCC_WARN_UNDECLARED_SELECTOR = YES;
				GCC_WARN_UNINITIALIZED_AUTOS = YES_AGGRESSIVE;
				GCC_WARN_UNUSED_FUNCTION = YES;
				GCC_WARN_UNUSED_VARIABLE = YES;
				IPHONEOS_DEPLOYMENT_TARGET = 10.3;
				MTL_ENABLE_DEBUG_INFO = NO;
				SDKROOT = iphoneos;
				SWIFT_OPTIMIZATION_LEVEL = "-Owholemodule";
				TARGETED_DEVICE_FAMILY = "1,2";
				VALIDATE_PRODUCT = YES;
			};
			name = Release;
		};
		63210B851F2F96AA006731EB /* Debug */ = {
			isa = XCBuildConfiguration;
			buildSettings = {
				ASSETCATALOG_COMPILER_APPICON_NAME = AppIcon;
				INFOPLIST_FILE = DeckOfCards/Info.plist;
				LD_RUNPATH_SEARCH_PATHS = "$(inherited) @executable_path/Frameworks";
				PRODUCT_BUNDLE_IDENTIFIER = com.example.DeckOfCards;
				PRODUCT_NAME = "$(TARGET_NAME)";
				SWIFT_VERSION = 3.0;
			};
			name = Debug;
		};
		63210B861F2F96AA006731EB /* Release */ = {
			isa = XCBuildConfiguration;
			buildSettings = {
				ASSETCATALOG_COMPILER_APPICON_NAME = AppIcon;
				INFOPLIST_FILE = DeckOfCards/Info.plist;
				LD_RUNPATH_SEARCH_PATHS = "$(inherited) @executable_path/Frameworks";
				PRODUCT_BUNDLE_IDENTIFIER = com.example.DeckOfCards;
				PRODUCT_NAME = "$(TARGET_NAME)";
				SWIFT_VERSION = 3.0;
			};
			name = Release;
		};
/* End XCBuildConfiguration section */

/* Begin XCConfigurationList section */
		63210B6D1F2F96AA006731EB /* Build configuration list for PBXProject "DeckOfCards" */ = {
			isa = XCConfigurationList;
			buildConfigurations = (
				63210B821F2F96AA006731EB /* Debug */,
				63210B831F2F96AA006731EB /* Release */,
			);
			defaultConfigurationIsVisible = 0;
			defaultConfigurationName = Release;
		};
		63210B841F2F96AA006731EB /* Build configuration list for PBXNativeTarget "DeckOfCards" */ = {
			isa = XCConfigurationList;
			buildConfigurations = (
				63210B851F2F96AA006731EB /* Debug */,
				63210B861F2F96AA006731EB /* Release */,
			);
			defaultConfigurationIsVisible = 0;
		};
/* End XCConfigurationList section */
	};
	rootObject = 63210B6A1F2F96AA006731EB /* Project object */;
}
